# THIS IS AN AUTOGENERATED FILE. DO NOT EDIT THIS FILE DIRECTLY.
# yarn lockfile v1


eslint-plugin-typescript@^0.14.0:
  version "0.14.0"
  resolved "https://registry.yarnpkg.com/eslint-plugin-typescript/-/eslint-plugin-typescript-0.14.0.tgz#068549c3f4c7f3f85d88d398c29fa96bf500884c"
  integrity sha512-2u1WnnDF2mkWWgU1lFQ2RjypUlmRoBEvQN02y9u+IL12mjWlkKFGEBnVsjs9Y8190bfPQCvWly1c2rYYUSOxWw==
  dependencies:
    requireindex "~1.1.0"

eslint-scope@^4.0.0:
  version "4.0.3"
  resolved "https://registry.yarnpkg.com/eslint-scope/-/eslint-scope-4.0.3.tgz#ca03833310f6889a3264781aa82e63eb9cfe7848"
  integrity sha512-p7VutNr1O/QrxysMo3E45FjYDTeXBy0iTltPFNSqKAIfjDSXC+4dj+qfyuD8bfAXrW/y6lW3O76VaYNPKfpKrg==
  dependencies:
    esrecurse "^4.1.0"
    estraverse "^4.1.1"

eslint-visitor-keys@^1.0.0:
  version "1.3.0"
  resolved "https://registry.yarnpkg.com/eslint-visitor-keys/-/eslint-visitor-keys-1.3.0.tgz#30ebd1ef7c2fdff01c3a4f151044af25fab0523e"
  integrity sha512-6J72N8UNa462wa/KFODt/PJ3IU60SDpC3QXC1Hjc1BXXpfL2C9R5+AU7jhe0F6GREqVMh4Juu+NY7xn+6dipUQ==

esrecurse@^4.1.0:
  version "4.3.0"
  resolved "https://registry.yarnpkg.com/esrecurse/-/esrecurse-4.3.0.tgz#7ad7964d679abb28bee72cec63758b1c5d2c9921"
  integrity sha512-KmfKL3b6G+RXvP8N1vr3Tq1kL/oCFgn2NYXEtqP8/L3pKapUA4G8cFVaoF3SU323CD4XypR/ffioHmkti6/Tag==
  dependencies:
    estraverse "^5.2.0"

estraverse@^4.1.1:
  version "4.3.0"
  resolved "https://registry.yarnpkg.com/estraverse/-/estraverse-4.3.0.tgz#398ad3f3c5a24948be7725e83d11a7de28cdbd1d"
  integrity sha512-39nnKffWz8xN1BU/2c79n9nB9HDzo0niYUqx6xyqUnyoAnQyyWpOTdZEeiCch8BBu515t4wp9ZmgVfVhn9EBpw==

estraverse@^5.2.0:
  version "5.2.0"
  resolved "https://registry.yarnpkg.com/estraverse/-/estraverse-5.2.0.tgz#307df42547e6cc7324d3cf03c155d5cdb8c53880"
  integrity sha512-BxbNGGNm0RyRYvUdHpIwv9IWzeM9XClbOxwoATuFdOE7ZE6wHL+HQ5T8hoPM+zHvmKzzsEqhgy0GrQ5X13afiQ==

lodash.unescape@4.0.1:
  version "4.0.1"
  resolved "https://registry.yarnpkg.com/lodash.unescape/-/lodash.unescape-4.0.1.tgz#bf2249886ce514cda112fae9218cdc065211fc9c"
  integrity sha1-vyJJiGzlFM2hEvrpIYzcBlIR/Jw=

requireindex@~1.1.0:
  version "1.1.0"
  resolved "https://registry.yarnpkg.com/requireindex/-/requireindex-1.1.0.tgz#e5404b81557ef75db6e49c5a72004893fe03e162"
  integrity sha1-5UBLgVV+91225JxacgBIk/4D4WI=

semver@5.5.0:
  version "5.5.0"
  resolved "https://registry.yarnpkg.com/semver/-/semver-5.5.0.tgz#dc4bbc7a6ca9d916dee5d43516f0092b58f7b8ab"
  integrity sha512-4SJ3dm0WAwWy/NVeioZh5AntkdJoWKxHxcmyP622fOkgHa4z3R0TdBJICINyaSDE6uNwVc8gZr+ZinwZAH4xIA==

typescript-eslint-parser@^22.0.0:
  version "22.0.0"
  resolved "https://registry.yarnpkg.com/typescript-eslint-parser/-/typescript-eslint-parser-22.0.0.tgz#f5e766c9b50711b03535e29a10b45f957e3c516a"
  integrity sha512-pD8D7oTeRwWvFVxK3PaY6FYAiZsuRXFkIc2+1xkwCT3NduySgCgjeAkR5/dnIWecOiFVcEHf4ypXurF02Q6Z3Q==
  dependencies:
    eslint-scope "^4.0.0"
    eslint-visitor-keys "^1.0.0"
    typescript-estree "18.0.0"

typescript-estree@18.0.0:
  version "18.0.0"
  resolved "https://registry.yarnpkg.com/typescript-estree/-/typescript-estree-18.0.0.tgz#a309f6c6502c64d74b3f88c205d871a9af0b1d40"
  integrity sha512-HxTWrzFyYOPWA91Ij7xL9mNUVpGTKLH2KiaBn28CMbYgX2zgWdJqU9hO7Are+pAPAqY91NxAYoaAyDDZ3rLj2A==
  dependencies:
    lodash.unescape "4.0.1"
    semver "5.5.0"
